// !$*UTF8*$!
{
	archiveVersion = 1;
	classes = {
	};
	objectVersion = 46;
	objects = {

/* Begin PBXBuildFile section */
		597F34EA1C72A92B00118338 /* TwitterClient.swift in Sources */ = {isa = PBXBuildFile; fileRef = 597F34E91C72A92B00118338 /* TwitterClient.swift */; };
		5995A6101C72A74E0067FB6D /* AppDelegate.swift in Sources */ = {isa = PBXBuildFile; fileRef = 5995A60F1C72A74E0067FB6D /* AppDelegate.swift */; };
		5995A6121C72A74E0067FB6D /* ViewController.swift in Sources */ = {isa = PBXBuildFile; fileRef = 5995A6111C72A74E0067FB6D /* ViewController.swift */; };
		5995A6151C72A74E0067FB6D /* Main.storyboard in Resources */ = {isa = PBXBuildFile; fileRef = 5995A6131C72A74E0067FB6D /* Main.storyboard */; };
		5995A6171C72A74E0067FB6D /* Assets.xcassets in Resources */ = {isa = PBXBuildFile; fileRef = 5995A6161C72A74E0067FB6D /* Assets.xcassets */; };
		5995A61A1C72A74E0067FB6D /* LaunchScreen.storyboard in Resources */ = {isa = PBXBuildFile; fileRef = 5995A6181C72A74E0067FB6D /* LaunchScreen.storyboard */; };
		59EB82AC1C77C899008D42AD /* User.swift in Sources */ = {isa = PBXBuildFile; fileRef = 59EB82AB1C77C899008D42AD /* User.swift */; };
		59EB82AE1C77C8A3008D42AD /* Tweet.swift in Sources */ = {isa = PBXBuildFile; fileRef = 59EB82AD1C77C8A3008D42AD /* Tweet.swift */; };
		59EB82B01C7817F0008D42AD /* TweetsViewController.swift in Sources */ = {isa = PBXBuildFile; fileRef = 59EB82AF1C7817F0008D42AD /* TweetsViewController.swift */; };
		59EB82B31C781CAC008D42AD /* TweetCell.swift in Sources */ = {isa = PBXBuildFile; fileRef = 59EB82B21C781CAC008D42AD /* TweetCell.swift */; };
		8F689E578E868D13FE02EEEA /* Pods_TwitterClone.framework in Frameworks */ = {isa = PBXBuildFile; fileRef = D6413F5885E7AD0AC83B383F /* Pods_TwitterClone.framework */; };
/* End PBXBuildFile section */

/* Begin PBXFileReference section */
		18F560A40063C3F6515D74D0 /* Pods-TwitterClone.debug.xcconfig */ = {isa = PBXFileReference; includeInIndex = 1; lastKnownFileType = text.xcconfig; name = "Pods-TwitterClone.debug.xcconfig"; path = "Pods/Target Support Files/Pods-TwitterClone/Pods-TwitterClone.debug.xcconfig"; sourceTree = "<group>"; };
		597F34E91C72A92B00118338 /* TwitterClient.swift */ = {isa = PBXFileReference; fileEncoding = 4; lastKnownFileType = sourcecode.swift; path = TwitterClient.swift; sourceTree = "<group>"; };
		5995A60C1C72A74E0067FB6D /* TwitterClone.app */ = {isa = PBXFileReference; explicitFileType = wrapper.application; includeInIndex = 0; path = TwitterClone.app; sourceTree = BUILT_PRODUCTS_DIR; };
		5995A60F1C72A74E0067FB6D /* AppDelegate.swift */ = {isa = PBXFileReference; lastKnownFileType = sourcecode.swift; path = AppDelegate.swift; sourceTree = "<group>"; };
		5995A6111C72A74E0067FB6D /* ViewController.swift */ = {isa = PBXFileReference; lastKnownFileType = sourcecode.swift; path = ViewController.swift; sourceTree = "<group>"; };
		5995A6141C72A74E0067FB6D /* Base */ = {isa = PBXFileReference; lastKnownFileType = file.storyboard; name = Base; path = Base.lproj/Main.storyboard; sourceTree = "<group>"; };
		5995A6161C72A74E0067FB6D /* Assets.xcassets */ = {isa = PBXFileReference; lastKnownFileType = folder.assetcatalog; path = Assets.xcassets; sourceTree = "<group>"; };
		5995A6191C72A74E0067FB6D /* Base */ = {isa = PBXFileReference; lastKnownFileType = file.storyboard; name = Base; path = Base.lproj/LaunchScreen.storyboard; sourceTree = "<group>"; };
		5995A61B1C72A74E0067FB6D /* Info.plist */ = {isa = PBXFileReference; lastKnownFileType = text.plist.xml; path = Info.plist; sourceTree = "<group>"; };
		59EB82AB1C77C899008D42AD /* User.swift */ = {isa = PBXFileReference; fileEncoding = 4; lastKnownFileType = sourcecode.swift; path = User.swift; sourceTree = "<group>"; };
		59EB82AD1C77C8A3008D42AD /* Tweet.swift */ = {isa = PBXFileReference; fileEncoding = 4; lastKnownFileType = sourcecode.swift; path = Tweet.swift; sourceTree = "<group>"; };
		59EB82AF1C7817F0008D42AD /* TweetsViewController.swift */ = {isa = PBXFileReference; fileEncoding = 4; lastKnownFileType = sourcecode.swift; path = TweetsViewController.swift; sourceTree = "<group>"; };
		59EB82B21C781CAC008D42AD /* TweetCell.swift */ = {isa = PBXFileReference; fileEncoding = 4; lastKnownFileType = sourcecode.swift; path = TweetCell.swift; sourceTree = "<group>"; };
		6FDAAB3EECB0996D45E3C4E6 /* Pods-TwitterClone.release.xcconfig */ = {isa = PBXFileReference; includeInIndex = 1; lastKnownFileType = text.xcconfig; name = "Pods-TwitterClone.release.xcconfig"; path = "Pods/Target Support Files/Pods-TwitterClone/Pods-TwitterClone.release.xcconfig"; sourceTree = "<group>"; };
		D6413F5885E7AD0AC83B383F /* Pods_TwitterClone.framework */ = {isa = PBXFileReference; explicitFileType = wrapper.framework; includeInIndex = 0; path = Pods_TwitterClone.framework; sourceTree = BUILT_PRODUCTS_DIR; };
/* End PBXFileReference section */

/* Begin PBXFrameworksBuildPhase section */
		5995A6091C72A74E0067FB6D /* Frameworks */ = {
			isa = PBXFrameworksBuildPhase;
			buildActionMask = 2147483647;
			files = (
				8F689E578E868D13FE02EEEA /* Pods_TwitterClone.framework in Frameworks */,
			);
			runOnlyForDeploymentPostprocessing = 0;
		};
/* End PBXFrameworksBuildPhase section */

/* Begin PBXGroup section */
		2EEFB40D63A7BF8050DD40DA /* Frameworks */ = {
			isa = PBXGroup;
			children = (
				D6413F5885E7AD0AC83B383F /* Pods_TwitterClone.framework */,
			);
			name = Frameworks;
			sourceTree = "<group>";
		};
		597F34E81C72A8E900118338 /* API */ = {
			isa = PBXGroup;
			children = (
				597F34E91C72A92B00118338 /* TwitterClient.swift */,
			);
			name = API;
			sourceTree = "<group>";
		};
		5995A6031C72A74E0067FB6D = {
			isa = PBXGroup;
			children = (
				5995A60E1C72A74E0067FB6D /* TwitterClone */,
				5995A60D1C72A74E0067FB6D /* Products */,
				87B6FCAFE1506FE5560CEE77 /* Pods */,
				2EEFB40D63A7BF8050DD40DA /* Frameworks */,
			);
			sourceTree = "<group>";
		};
		5995A60D1C72A74E0067FB6D /* Products */ = {
			isa = PBXGroup;
			children = (
				5995A60C1C72A74E0067FB6D /* TwitterClone.app */,
			);
			name = Products;
			sourceTree = "<group>";
		};
		5995A60E1C72A74E0067FB6D /* TwitterClone */ = {
			isa = PBXGroup;
			children = (
				59EB82B21C781CAC008D42AD /* TweetCell.swift */,
				59EB82B11C7817F8008D42AD /* ViewControllers */,
				59EB82AA1C77C86F008D42AD /* Models */,
				597F34E81C72A8E900118338 /* API */,
				5995A60F1C72A74E0067FB6D /* AppDelegate.swift */,
				5995A6131C72A74E0067FB6D /* Main.storyboard */,
				5995A6161C72A74E0067FB6D /* Assets.xcassets */,
				5995A6181C72A74E0067FB6D /* LaunchScreen.storyboard */,
				5995A61B1C72A74E0067FB6D /* Info.plist */,
			);
			path = TwitterClone;
			sourceTree = "<group>";
		};
		59EB82AA1C77C86F008D42AD /* Models */ = {
			isa = PBXGroup;
			children = (
				59EB82AB1C77C899008D42AD /* User.swift */,
				59EB82AD1C77C8A3008D42AD /* Tweet.swift */,
			);
			name = Models;
			sourceTree = "<group>";
		};
		59EB82B11C7817F8008D42AD /* ViewControllers */ = {
			isa = PBXGroup;
			children = (
				5995A6111C72A74E0067FB6D /* ViewController.swift */,
				59EB82AF1C7817F0008D42AD /* TweetsViewController.swift */,
			);
			name = ViewControllers;
			sourceTree = "<group>";
		};
		87B6FCAFE1506FE5560CEE77 /* Pods */ = {
			isa = PBXGroup;
			children = (
				18F560A40063C3F6515D74D0 /* Pods-TwitterClone.debug.xcconfig */,
				6FDAAB3EECB0996D45E3C4E6 /* Pods-TwitterClone.release.xcconfig */,
			);
			name = Pods;
			sourceTree = "<group>";
		};
/* End PBXGroup section */

/* Begin PBXNativeTarget section */
		5995A60B1C72A74E0067FB6D /* TwitterClone */ = {
			isa = PBXNativeTarget;
			buildConfigurationList = 5995A61E1C72A74E0067FB6D /* Build configuration list for PBXNativeTarget "TwitterClone" */;
			buildPhases = (
				6FF16543A0E73037E9CA720D /* Check Pods Manifest.lock */,
				5995A6081C72A74E0067FB6D /* Sources */,
				5995A6091C72A74E0067FB6D /* Frameworks */,
				5995A60A1C72A74E0067FB6D /* Resources */,
				918AB111D668F6A589E41BDF /* Embed Pods Frameworks */,
				D3A0ACBC25468EB58918190C /* Copy Pods Resources */,
			);
			buildRules = (
			);
			dependencies = (
			);
			name = TwitterClone;
			productName = TwitterClone;
			productReference = 5995A60C1C72A74E0067FB6D /* TwitterClone.app */;
			productType = "com.apple.product-type.application";
		};
/* End PBXNativeTarget section */

/* Begin PBXProject section */
		5995A6041C72A74E0067FB6D /* Project object */ = {
			isa = PBXProject;
			attributes = {
				LastSwiftUpdateCheck = 0720;
				LastUpgradeCheck = 0720;
				ORGANIZATIONNAME = Saini;
				TargetAttributes = {
					5995A60B1C72A74E0067FB6D = {
						CreatedOnToolsVersion = 7.2.1;
						DevelopmentTeam = S2GE536XDS;
					};
				};
			};
			buildConfigurationList = 5995A6071C72A74E0067FB6D /* Build configuration list for PBXProject "TwitterClone" */;
			compatibilityVersion = "Xcode 3.2";
			developmentRegion = English;
			hasScannedForEncodings = 0;
			knownRegions = (
				en,
				Base,
			);
			mainGroup = 5995A6031C72A74E0067FB6D;
			productRefGroup = 5995A60D1C72A74E0067FB6D /* Products */;
			projectDirPath = "";
			projectRoot = "";
			targets = (
				5995A60B1C72A74E0067FB6D /* TwitterClone */,
			);
		};
/* End PBXProject section */

/* Begin PBXResourcesBuildPhase section */
		5995A60A1C72A74E0067FB6D /* Resources */ = {
			isa = PBXResourcesBuildPhase;
			buildActionMask = 2147483647;
			files = (
				5995A61A1C72A74E0067FB6D /* LaunchScreen.storyboard in Resources */,
				5995A6171C72A74E0067FB6D /* Assets.xcassets in Resources */,
				5995A6151C72A74E0067FB6D /* Main.storyboard in Resources */,
			);
			runOnlyForDeploymentPostprocessing = 0;
		};
/* End PBXResourcesBuildPhase section */

/* Begin PBXShellScriptBuildPhase section */
		6FF16543A0E73037E9CA720D /* Check Pods Manifest.lock */ = {
			isa = PBXShellScriptBuildPhase;
			buildActionMask = 2147483647;
			files = (
			);
			inputPaths = (
			);
			name = "Check Pods Manifest.lock";
			outputPaths = (
			);
			runOnlyForDeploymentPostprocessing = 0;
			shellPath = /bin/sh;
			shellScript = "diff \"${PODS_ROOT}/../Podfile.lock\" \"${PODS_ROOT}/Manifest.lock\" > /dev/null\nif [[ $? != 0 ]] ; then\n    cat << EOM\nerror: The sandbox is not in sync with the Podfile.lock. Run 'pod install' or update your CocoaPods installation.\nEOM\n    exit 1\nfi\n";
			showEnvVarsInLog = 0;
		};
		918AB111D668F6A589E41BDF /* Embed Pods Frameworks */ = {
			isa = PBXShellScriptBuildPhase;
			buildActionMask = 2147483647;
			files = (
			);
			inputPaths = (
			);
			name = "Embed Pods Frameworks";
			outputPaths = (
			);
			runOnlyForDeploymentPostprocessing = 0;
			shellPath = /bin/sh;
			shellScript = "\"${SRCROOT}/Pods/Target Support Files/Pods-TwitterClone/Pods-TwitterClone-frameworks.sh\"\n";
			showEnvVarsInLog = 0;
		};
		D3A0ACBC25468EB58918190C /* Copy Pods Resources */ = {
			isa = PBXShellScriptBuildPhase;
			buildActionMask = 2147483647;
			files = (
			);
			inputPaths = (
			);
			name = "Copy Pods Resources";
			outputPaths = (
			);
			runOnlyForDeploymentPostprocessing = 0;
			shellPath = /bin/sh;
			shellScript = "\"${SRCROOT}/Pods/Target Support Files/Pods-TwitterClone/Pods-TwitterClone-resources.sh\"\n";
			showEnvVarsInLog = 0;
		};
/* End PBXShellScriptBuildPhase section */

/* Begin PBXSourcesBuildPhase section */
		5995A6081C72A74E0067FB6D /* Sources */ = {
			isa = PBXSourcesBuildPhase;
			buildActionMask = 2147483647;
			files = (
				59EB82AC1C77C899008D42AD /* User.swift in Sources */,
				59EB82B31C781CAC008D42AD /* TweetCell.swift in Sources */,
				59EB82AE1C77C8A3008D42AD /* Tweet.swift in Sources */,
				59EB82B01C7817F0008D42AD /* TweetsViewController.swift in Sources */,
				5995A6121C72A74E0067FB6D /* ViewController.swift in Sources */,
				597F34EA1C72A92B00118338 /* TwitterClient.swift in Sources */,
				5995A6101C72A74E0067FB6D /* AppDelegate.swift in Sources */,
			);
			runOnlyForDeploymentPostprocessing = 0;
		};
/* End PBXSourcesBuildPhase section */

/* Begin PBXVariantGroup section */
		5995A6131C72A74E0067FB6D /* Main.storyboard */ = {
			isa = PBXVariantGroup;
			children = (
				5995A6141C72A74E0067FB6D /* Base */,
			);
			name = Main.storyboard;
			sourceTree = "<group>";
		};
		5995A6181C72A74E0067FB6D /* LaunchScreen.storyboard */ = {
			isa = PBXVariantGroup;
			children = (
				5995A6191C72A74E0067FB6D /* Base */,
			);
			name = LaunchScreen.storyboard;
			sourceTree = "<group>";
		};
/* End PBXVariantGroup section */

/* Begin XCBuildConfiguration section */
		5995A61C1C72A74E0067FB6D /* Debug */ = {
			isa = XCBuildConfiguration;
			buildSettings = {
				ALWAYS_SEARCH_USER_PATHS = NO;
				CLANG_CXX_LANGUAGE_STANDARD = "gnu++0x";
				CLANG_CXX_LIBRARY = "libc++";
				CLANG_ENABLE_MODULES = YES;
				CLANG_ENABLE_OBJC_ARC = YES;
				CLANG_WARN_BOOL_CONVERSION = YES;
				CLANG_WARN_CONSTANT_CONVERSION = YES;
				CLANG_WARN_DIRECT_OBJC_ISA_USAGE = YES_ERROR;
				CLANG_WARN_EMPTY_BODY = YES;
				CLANG_WARN_ENUM_CONVERSION = YES;
				CLANG_WARN_INT_CONVERSION = YES;
				CLANG_WARN_OBJC_ROOT_CLASS = YES_ERROR;
				CLANG_WARN_UNREACHABLE_CODE = YES;
				CLANG_WARN__DUPLICATE_METHOD_MATCH = YES;
				"CODE_SIGN_IDENTITY[sdk=iphoneos*]" = "iPhone Developer";
				COPY_PHASE_STRIP = NO;
				DEBUG_INFORMATION_FORMAT = dwarf;
				ENABLE_STRICT_OBJC_MSGSEND = YES;
				ENABLE_TESTABILITY = YES;
				GCC_C_LANGUAGE_STANDARD = gnu99;
				GCC_DYNAMIC_NO_PIC = NO;
				GCC_NO_COMMON_BLOCKS = YES;
				GCC_OPTIMIZATION_LEVEL = 0;
				GCC_PREPROCESSOR_DEFINITIONS = (
					"DEBUG=1",
					"$(inherited)",
				);
				GCC_WARN_64_TO_32_BIT_CONVERSION = YES;
				GCC_WARN_ABOUT_RETURN_TYPE = YES_ERROR;
				GCC_WARN_UNDECLARED_SELECTOR = YES;
				GCC_WARN_UNINITIALIZED_AUTOS = YES_AGGRESSIVE;
				GCC_WARN_UNUSED_FUNCTION = YES;
				GCC_WARN_UNUSED_VARIABLE = YES;
				IPHONEOS_DEPLOYMENT_TARGET = 9.2;
				MTL_ENABLE_DEBUG_INFO = YES;
				ONLY_ACTIVE_ARCH = YES;
				SDKROOT = iphoneos;
				SWIFT_OPTIMIZATION_LEVEL = "-Onone";
			};
			name = Debug;
		};
		5995A61D1C72A74E0067FB6D /* Release */ = {
			isa = XCBuildConfiguration;
			buildSettings = {
				ALWAYS_SEARCH_USER_PATHS = NO;
				CLANG_CXX_LANGUAGE_STANDARD = "gnu++0x";
				CLANG_CXX_LIBRARY = "libc++";
				CLANG_ENABLE_MODULES = YES;
				CLANG_ENABLE_OBJC_ARC = YES;
				CLANG_WARN_BOOL_CONVERSION = YES;
				CLANG_WARN_CONSTANT_CONVERSION = YES;
				CLANG_WARN_DIRECT_OBJC_ISA_USAGE = YES_ERROR;
				CLANG_WARN_EMPTY_BODY = YES;
				CLANG_WARN_ENUM_CONVERSION = YES;
				CLANG_WARN_INT_CONVERSION = YES;
				CLANG_WARN_OBJC_ROOT_CLASS = YES_ERROR;
				CLANG_WARN_UNREACHABLE_CODE = YES;
				CLANG_WARN__DUPLICATE_METHOD_MATCH = YES;
				"CODE_SIGN_IDENTITY[sdk=iphoneos*]" = "iPhone Developer";
				COPY_PHASE_STRIP = NO;
				DEBUG_INFORMATION_FORMAT = "dwarf-with-dsym";
				ENABLE_NS_ASSERTIONS = NO;
				ENABLE_STRICT_OBJC_MSGSEND = YES;
				GCC_C_LANGUAGE_STANDARD = gnu99;
				GCC_NO_COMMON_BLOCKS = YES;
				GCC_WARN_64_TO_32_BIT_CONVERSION = YES;
				GCC_WARN_ABOUT_RETURN_TYPE = YES_ERROR;
				GCC_WARN_UNDECLARED_SELECTOR = YES;
				GCC_WARN_UNINITIALIZED_AUTOS = YES_AGGRESSIVE;
				GCC_WARN_UNUSED_FUNCTION = YES;
				GCC_WARN_UNUSED_VARIABLE = YES;
				IPHONEOS_DEPLOYMENT_TARGET = 9.2;
				MTL_ENABLE_DEBUG_INFO = NO;
				SDKROOT = iphoneos;
				VALIDATE_PRODUCT = YES;
			};
			name = Release;
		};
		5995A61F1C72A74E0067FB6D /* Debug */ = {
			isa = XCBuildConfiguration;
			baseConfigurationReference = 18F560A40063C3F6515D74D0 /* Pods-TwitterClone.debug.xcconfig */;
			buildSettings = {
				ASSETCATALOG_COMPILER_APPICON_NAME = AppIcon;
				INFOPLIST_FILE = TwitterClone/Info.plist;
				LD_RUNPATH_SEARCH_PATHS = "$(inherited) @executable_path/Frameworks";
				PRODUCT_BUNDLE_IDENTIFIER = SainiCo.TwitterClone;
				PRODUCT_NAME = "$(TARGET_NAME)";
			};
			name = Debug;
		};
		5995A6201C72A74E0067FB6D /* Release */ = {
			isa = XCBuildConfiguration;
			baseConfigurationReference = 6FDAAB3EECB0996D45E3C4E6 /* Pods-TwitterClone.release.xcconfig */;
			buildSettings = {
				ASSETCATALOG_COMPILER_APPICON_NAME = AppIcon;
				INFOPLIST_FILE = TwitterClone/Info.plist;
				LD_RUNPATH_SEARCH_PATHS = "$(inherited) @executable_path/Frameworks";
				PRODUCT_BUNDLE_IDENTIFIER = SainiCo.TwitterClone;
				PRODUCT_NAME = "$(TARGET_NAME)";
			};
			name = Release;
		};
/* End XCBuildConfiguration section */

/* Begin XCConfigurationList section */
		5995A6071C72A74E0067FB6D /* Build configuration list for PBXProject "TwitterClone" */ = {
			isa = XCConfigurationList;
			buildConfigurations = (
				5995A61C1C72A74E0067FB6D /* Debug */,
				5995A61D1C72A74E0067FB6D /* Release */,
			);
			defaultConfigurationIsVisible = 0;
			defaultConfigurationName = Release;
		};
		5995A61E1C72A74E0067FB6D /* Build configuration list for PBXNativeTarget "TwitterClone" */ = {
			isa = XCConfigurationList;
			buildConfigurations = (
				5995A61F1C72A74E0067FB6D /* Debug */,
				5995A6201C72A74E0067FB6D /* Release */,
			);
			defaultConfigurationIsVisible = 0;
			defaultConfigurationName = Release;
		};
/* End XCConfigurationList section */
	};
	rootObject = 5995A6041C72A74E0067FB6D /* Project object */;
}
